{
  "name": "typescript-hexagonal-architecture-authentication",
  "version": "1.0.0",
  "lockfileVersion": 3,
  "requires": true,
  "packages": {
    "": {
      "name": "typescript-hexagonal-architecture-authentication",
      "version": "1.0.0",
      "license": "ISC",
      "dependencies": {
        "uuid": "^11.0.3",
        "uuid-validate": "^0.0.3"
      },
      "devDependencies": {
        "@types/uuid-validate": "^0.0.3"
      }
    },
    "node_modules/@types/uuid-validate": {
      "version": "0.0.3",
      "resolved": "https://registry.npmjs.org/@types/uuid-validate/-/uuid-validate-0.0.3.tgz",
      "integrity": "sha512-htkuv1+RZjjHkSrXets3a6kqDeqgYutBtdER3U6I1mWV58AIsDFWoUuN0cB6DMOWiqTHK0XqH3pXeqIVfJIrog==",
      "dev": true,
      "license": "MIT"
    },
    "node_modules/uuid": {
      "version": "11.0.3",
      "resolved": "https://registry.npmjs.org/uuid/-/uuid-11.0.3.tgz",
      "integrity": "sha512-d0z310fCWv5dJwnX1Y/MncBAqGMKEzlBb1AOf7z9K8ALnd0utBX/msg/fA0+sbyN1ihbMsLhrBlnl1ak7Wa0rg==",
      "funding": [
        "https://github.com/sponsors/broofa",
        "https://github.com/sponsors/ctavan"
      ],
      "license": "MIT",
      "bin": {
        "uuid": "dist/esm/bin/uuid"
      }
    },
    "node_modules/uuid-validate": {
      "version": "0.0.3",
      "resolved": "https://registry.npmjs.org/uuid-validate/-/uuid-validate-0.0.3.tgz",
      "integrity": "sha512-Fykw5U4eZESbq739BeLvEBFRuJODfrlmjx5eJux7W817LjRaq4b7/i4t2zxQmhcX+fAj4nMfRdTzO4tmwLKn0w==",
      "license": "MIT"
    }
  }
}
